<?xml version="1.0" encoding="utf-8"?>
<Project ToolsVersion="4.0" xmlns="http://schemas.microsoft.com/developer/msbuild/2003">
  <ItemGroup>
    <Filter Include="源文件">
      <UniqueIdentifier>{4FC737F1-C7A5-4376-A066-2A32D752A2FF}</UniqueIdentifier>
      <Extensions>cpp;c;cc;cxx;c++;cppm;ixx;def;odl;idl;hpj;bat;asm;asmx</Extensions>
    </Filter>
    <Filter Include="头文件">
      <UniqueIdentifier>{93995380-89BD-4b04-88EB-625FBE52EBFB}</UniqueIdentifier>
      <Extensions>h;hh;hpp;hxx;h++;hm;inl;inc;ipp;xsd</Extensions>
    </Filter>
    <Filter Include="资源文件">
      <UniqueIdentifier>{67DA6AB6-F800-4c08-8B7A-83BB121AAD01}</UniqueIdentifier>
      <Extensions>rc;ico;cur;bmp;dlg;rc2;rct;bin;rgs;gif;jpg;jpeg;jpe;resx;tiff;tif;png;wav;mfcribbon-ms</Extensions>
    </Filter>
    <Filter Include="头文件\dd">
      <UniqueIdentifier>{d4d986ab-9800-48ae-8ca8-baba3a89a910}</UniqueIdentifier>
    </Filter>
    <Filter Include="头文件\operations">
      <UniqueIdentifier>{b32ff13d-8ea6-4b03-b699-593e625dd1b5}</UniqueIdentifier>
    </Filter>
    <Filter Include="头文件\parsers">
      <UniqueIdentifier>{d8fb29f8-b346-4fd4-b017-284a0b5f68ce}</UniqueIdentifier>
    </Filter>
    <Filter Include="头文件\parsers\qasm_parser">
      <UniqueIdentifier>{3e839d85-585d-45f1-a223-b2f0fa93371b}</UniqueIdentifier>
    </Filter>
    <Filter Include="源文件\dd">
      <UniqueIdentifier>{503f5efd-5d06-4bbe-8215-06f3ad064aab}</UniqueIdentifier>
    </Filter>
    <Filter Include="源文件\operations">
      <UniqueIdentifier>{d7a2e523-ecd3-454d-9cd8-ec295e70df07}</UniqueIdentifier>
    </Filter>
    <Filter Include="源文件\parsers">
      <UniqueIdentifier>{26d2d691-7af5-4137-ae92-5c80417c6a23}</UniqueIdentifier>
    </Filter>
    <Filter Include="源文件\parsers\qasm_parser">
      <UniqueIdentifier>{adecf9f8-1788-4eee-81d0-a6669a6eb691}</UniqueIdentifier>
    </Filter>
  </ItemGroup>
  <ItemGroup>
    <ClInclude Include="dd\Complex.hpp">
      <Filter>头文件\dd</Filter>
    </ClInclude>
    <ClInclude Include="dd\ComplexCache.hpp">
      <Filter>头文件\dd</Filter>
    </ClInclude>
    <ClInclude Include="dd\ComplexNumbers.hpp">
      <Filter>头文件\dd</Filter>
    </ClInclude>
    <ClInclude Include="dd\ComplexTable.hpp">
      <Filter>头文件\dd</Filter>
    </ClInclude>
    <ClInclude Include="dd\ComplexValue.hpp">
      <Filter>头文件\dd</Filter>
    </ClInclude>
    <ClInclude Include="dd\ComputeTable.hpp">
      <Filter>头文件\dd</Filter>
    </ClInclude>
    <ClInclude Include="dd\Control.hpp">
      <Filter>头文件\dd</Filter>
    </ClInclude>
    <ClInclude Include="dd\DDpackageConfig.hpp">
      <Filter>头文件\dd</Filter>
    </ClInclude>
    <ClInclude Include="dd\Definitions.hpp">
      <Filter>头文件\dd</Filter>
    </ClInclude>
    <ClInclude Include="dd\Edge.hpp">
      <Filter>头文件\dd</Filter>
    </ClInclude>
    <ClInclude Include="dd\Export.hpp">
      <Filter>头文件\dd</Filter>
    </ClInclude>
    <ClInclude Include="dd\GateMatrixDefinitions.hpp">
      <Filter>头文件\dd</Filter>
    </ClInclude>
    <ClInclude Include="dd\Node.hpp">
      <Filter>头文件\dd</Filter>
    </ClInclude>
    <ClInclude Include="dd\Operations.hpp">
      <Filter>头文件\dd</Filter>
    </ClInclude>
    <ClInclude Include="dd\Package.hpp">
      <Filter>头文件\dd</Filter>
    </ClInclude>
    <ClInclude Include="dd\Package_fwd.hpp">
      <Filter>头文件\dd</Filter>
    </ClInclude>
    <ClInclude Include="dd\Tdd.hpp">
      <Filter>头文件\dd</Filter>
    </ClInclude>
    <ClInclude Include="dd\UniqueTable.hpp">
      <Filter>头文件\dd</Filter>
    </ClInclude>
    <ClInclude Include="parsers\qasm_parser\Parser.hpp">
      <Filter>头文件\parsers\qasm_parser</Filter>
    </ClInclude>
    <ClInclude Include="parsers\qasm_parser\Scanner.hpp">
      <Filter>头文件\parsers\qasm_parser</Filter>
    </ClInclude>
    <ClInclude Include="parsers\qasm_parser\Token.hpp">
      <Filter>头文件\parsers\qasm_parser</Filter>
    </ClInclude>
    <ClInclude Include="operations\ClassicControlledOperation.hpp">
      <Filter>头文件\operations</Filter>
    </ClInclude>
    <ClInclude Include="operations\CompoundOperation.hpp">
      <Filter>头文件\operations</Filter>
    </ClInclude>
    <ClInclude Include="operations\Control.hpp">
      <Filter>头文件\operations</Filter>
    </ClInclude>
    <ClInclude Include="operations\Expression.hpp">
      <Filter>头文件\operations</Filter>
    </ClInclude>
    <ClInclude Include="operations\NonUnitaryOperation.hpp">
      <Filter>头文件\operations</Filter>
    </ClInclude>
    <ClInclude Include="operations\Operation.hpp">
      <Filter>头文件\operations</Filter>
    </ClInclude>
    <ClInclude Include="operations\OpType.hpp">
      <Filter>头文件\operations</Filter>
    </ClInclude>
    <ClInclude Include="operations\StandardOperation.hpp">
      <Filter>头文件\operations</Filter>
    </ClInclude>
    <ClInclude Include="operations\SymbolicOperation.hpp">
      <Filter>头文件\operations</Filter>
    </ClInclude>
    <ClInclude Include="Cir_import.h">
      <Filter>头文件</Filter>
    </ClInclude>
    <ClInclude Include="CircuitOptimizer.hpp">
      <Filter>头文件</Filter>
    </ClInclude>
    <ClInclude Include="Definitions.hpp">
      <Filter>头文件</Filter>
    </ClInclude>
    <ClInclude Include="Permutation.hpp">
      <Filter>头文件</Filter>
    </ClInclude>
    <ClInclude Include="QuantumComputation.hpp">
      <Filter>头文件</Filter>
    </ClInclude>
    <ClInclude Include="dd\Tensor.hpp">
      <Filter>头文件\dd</Filter>
    </ClInclude>
  </ItemGroup>
  <ItemGroup>
    <ClCompile Include="dd\Edge.cpp">
      <Filter>源文件\dd</Filter>
    </ClCompile>
    <ClCompile Include="dd\Node.cpp">
      <Filter>源文件\dd</Filter>
    </ClCompile>
    <ClCompile Include="dd\Operations.cpp">
      <Filter>源文件\dd</Filter>
    </ClCompile>
    <ClCompile Include="parsers\GRCSParser.cpp">
      <Filter>源文件\parsers</Filter>
    </ClCompile>
    <ClCompile Include="parsers\QASMParser.cpp">
      <Filter>源文件\parsers</Filter>
    </ClCompile>
    <ClCompile Include="parsers\QCParser.cpp">
      <Filter>源文件\parsers</Filter>
    </ClCompile>
    <ClCompile Include="parsers\RealParser.cpp">
      <Filter>源文件\parsers</Filter>
    </ClCompile>
    <ClCompile Include="parsers\TFCParser.cpp">
      <Filter>源文件\parsers</Filter>
    </ClCompile>
    <ClCompile Include="parsers\qasm_parser\Parser.cpp">
      <Filter>源文件\parsers\qasm_parser</Filter>
    </ClCompile>
    <ClCompile Include="parsers\qasm_parser\Scanner.cpp">
      <Filter>源文件\parsers\qasm_parser</Filter>
    </ClCompile>
    <ClCompile Include="operations\Expression.cpp">
      <Filter>源文件\operations</Filter>
    </ClCompile>
    <ClCompile Include="operations\NonUnitaryOperation.cpp">
      <Filter>源文件\operations</Filter>
    </ClCompile>
    <ClCompile Include="operations\Operation.cpp">
      <Filter>源文件\operations</Filter>
    </ClCompile>
    <ClCompile Include="operations\StandardOperation.cpp">
      <Filter>源文件\operations</Filter>
    </ClCompile>
    <ClCompile Include="operations\SymbolicOperation.cpp">
      <Filter>源文件\operations</Filter>
    </ClCompile>
    <ClCompile Include="CircuitOptimizer.cpp">
      <Filter>源文件</Filter>
    </ClCompile>
    <ClCompile Include="main.cpp">
      <Filter>源文件</Filter>
    </ClCompile>
    <ClCompile Include="QuantumComputation.cpp">
      <Filter>源文件</Filter>
    </ClCompile>
  </ItemGroup>
</Project>